# This file is autogenerated, do not edit; changes may be undone by the next 'dep ensure'.


[[projects]]
  name = "github.com/satori/go.uuid"
  packages = ["."]
  revision = "879c5887cd475cd7864858769793b2ceb0d44feb"
  version = "v1.1.0"

[[projects]]
  branch = "master"
  name = "golang.org/x/crypto"
  packages = ["nacl/secretbox","pbkdf2","poly1305","salsa20/salsa","scrypt","ssh/terminal"]
  revision = "bd6f299fb381e4c3393d1c4b1f0b94f5e77650c8"

[[projects]]
  branch = "master"
  name = "golang.org/x/sys"
  packages = ["unix","windows"]
  revision = "46eaec7899b1dd945c25db17c78ba3f0c58a6613"

[solve-meta]
  analyzer-name = "dep"
  analyzer-version = 1
  inputs-digest = "f662fb99f2895ab118a5f1890b87f5a0a202c9b159b836fb7f6d67bd267b05f7"
  solver-name = "gps-cdcl"
  solver-version = 1
